
Microsoft Visual Studio Solution File, Format Version 12.00
# Visual Studio Version 16
VisualStudioVersion = 16.0.31727.386
MinimumVisualStudioVersion = 10.0.40219.1
Project("{FAE04EC0-301F-11D3-BF4B-00C04F79EFBC}") = "WinForm_For", "WinForm_For\WinForm_For.csproj", "{2471B580-AC92-4B9E-BD4D-352ABAC5C6C9}"
EndProject
Global
	GlobalSection(SolutionConfigurationPlatforms) = preSolution
		Debug|Any CPU = Debug|Any CPU
		Release|Any CPU = Release|Any CPU
	EndGlobalSection
	GlobalSection(ProjectConfigurationPlatforms) = postSolution
		{2471B580-AC92-4B9E-BD4D-352ABAC5C6C9}.Debug|Any CPU.ActiveCfg = Debug|Any CPU
		{2471B580-AC92-4B9E-BD4D-352ABAC5C6C9}.Debug|Any CPU.Build.0 = Debug|Any CPU
		{2471B580-AC92-4B9E-BD4D-352ABAC5C6C9}.Release|Any CPU.ActiveCfg = Release|Any CPU
		{2471B580-AC92-4B9E-BD4D-352ABAC5C6C9}.Release|Any CPU.Build.0 = Release|Any CPU
	EndGlobalSection
	GlobalSection(SolutionProperties) = preSolution
		HideSolutionNode = FALSE
	EndGlobalSection
	GlobalSection(ExtensibilityGlobals) = postSolution
		SolutionGuid = {47DEF5A1-E9B7-4F31-BAB9-BEADD68D0728}
	EndGlobalSection
EndGlobal
